// !$*UTF8*$!
{
	archiveVersion = 1;
	classes = {
	};
	objectVersion = 50;
	objects = {

/* Begin PBXBuildFile section */
		EF34D9AA224BCC5B009504D2 /* AppDelegate.swift in Sources */ = {isa = PBXBuildFile; fileRef = EF34D9A9224BCC5B009504D2 /* AppDelegate.swift */; };
		EF34D9AC224BCC5B009504D2 /* ViewController.swift in Sources */ = {isa = PBXBuildFile; fileRef = EF34D9AB224BCC5B009504D2 /* ViewController.swift */; };
		EF34D9AF224BCC5B009504D2 /* Main.storyboard in Resources */ = {isa = PBXBuildFile; fileRef = EF34D9AD224BCC5B009504D2 /* Main.storyboard */; };
		EF34D9B1224BCC6B009504D2 /* Assets.xcassets in Resources */ = {isa = PBXBuildFile; fileRef = EF34D9B0224BCC6B009504D2 /* Assets.xcassets */; };
		EF34D9B4224BCC6B009504D2 /* LaunchScreen.storyboard in Resources */ = {isa = PBXBuildFile; fileRef = EF34D9B2224BCC6B009504D2 /* LaunchScreen.storyboard */; };
		EF34D9BF224BCC6C009504D2 /* ExampleTests.swift in Sources */ = {isa = PBXBuildFile; fileRef = EF34D9BE224BCC6C009504D2 /* ExampleTests.swift */; };
		EF34D9CA224BCC6C009504D2 /* ExampleUITests.swift in Sources */ = {isa = PBXBuildFile; fileRef = EF34D9C9224BCC6C009504D2 /* ExampleUITests.swift */; };
		EFB3BCAC225087020019FF4A /* main.swift in Sources */ = {isa = PBXBuildFile; fileRef = EFB3BCAB225087020019FF4A /* main.swift */; };
/* End PBXBuildFile section */

/* Begin PBXContainerItemProxy section */
		EF34D9BB224BCC6C009504D2 /* PBXContainerItemProxy */ = {
			isa = PBXContainerItemProxy;
			containerPortal = EF34D99E224BCC5B009504D2 /* Project object */;
			proxyType = 1;
			remoteGlobalIDString = EF34D9A5224BCC5B009504D2;
			remoteInfo = Example;
		};
		EF34D9C6224BCC6C009504D2 /* PBXContainerItemProxy */ = {
			isa = PBXContainerItemProxy;
			containerPortal = EF34D99E224BCC5B009504D2 /* Project object */;
			proxyType = 1;
			remoteGlobalIDString = EF34D9A5224BCC5B009504D2;
			remoteInfo = Example;
		};
/* End PBXContainerItemProxy section */

/* Begin PBXFileReference section */
		EF34D9A6224BCC5B009504D2 /* Example.app */ = {isa = PBXFileReference; explicitFileType = wrapper.application; includeInIndex = 0; path = Example.app; sourceTree = BUILT_PRODUCTS_DIR; };
		EF34D9A9224BCC5B009504D2 /* AppDelegate.swift */ = {isa = PBXFileReference; lastKnownFileType = sourcecode.swift; path = AppDelegate.swift; sourceTree = "<group>"; };
		EF34D9AB224BCC5B009504D2 /* ViewController.swift */ = {isa = PBXFileReference; lastKnownFileType = sourcecode.swift; path = ViewController.swift; sourceTree = "<group>"; };
		EF34D9AE224BCC5B009504D2 /* Base */ = {isa = PBXFileReference; lastKnownFileType = file.storyboard; name = Base; path = Base.lproj/Main.storyboard; sourceTree = "<group>"; };
		EF34D9B0224BCC6B009504D2 /* Assets.xcassets */ = {isa = PBXFileReference; lastKnownFileType = folder.assetcatalog; path = Assets.xcassets; sourceTree = "<group>"; };
		EF34D9B3224BCC6B009504D2 /* Base */ = {isa = PBXFileReference; lastKnownFileType = file.storyboard; name = Base; path = Base.lproj/LaunchScreen.storyboard; sourceTree = "<group>"; };
		EF34D9B5224BCC6B009504D2 /* Info.plist */ = {isa = PBXFileReference; lastKnownFileType = text.plist.xml; path = Info.plist; sourceTree = "<group>"; };
		EF34D9BA224BCC6C009504D2 /* ExampleTests.xctest */ = {isa = PBXFileReference; explicitFileType = wrapper.cfbundle; includeInIndex = 0; path = ExampleTests.xctest; sourceTree = BUILT_PRODUCTS_DIR; };
		EF34D9BE224BCC6C009504D2 /* ExampleTests.swift */ = {isa = PBXFileReference; lastKnownFileType = sourcecode.swift; path = ExampleTests.swift; sourceTree = "<group>"; };
		EF34D9C0224BCC6C009504D2 /* Info.plist */ = {isa = PBXFileReference; lastKnownFileType = text.plist.xml; path = Info.plist; sourceTree = "<group>"; };
		EF34D9C5224BCC6C009504D2 /* ExampleUITests.xctest */ = {isa = PBXFileReference; explicitFileType = wrapper.cfbundle; includeInIndex = 0; path = ExampleUITests.xctest; sourceTree = BUILT_PRODUCTS_DIR; };
		EF34D9C9224BCC6C009504D2 /* ExampleUITests.swift */ = {isa = PBXFileReference; lastKnownFileType = sourcecode.swift; path = ExampleUITests.swift; sourceTree = "<group>"; };
		EF34D9CB224BCC6C009504D2 /* Info.plist */ = {isa = PBXFileReference; lastKnownFileType = text.plist.xml; path = Info.plist; sourceTree = "<group>"; };
		EFB3BCAB225087020019FF4A /* main.swift */ = {isa = PBXFileReference; lastKnownFileType = sourcecode.swift; path = main.swift; sourceTree = "<group>"; };
/* End PBXFileReference section */

/* Begin PBXFrameworksBuildPhase section */
		EF34D9A3224BCC5B009504D2 /* Frameworks */ = {
			isa = PBXFrameworksBuildPhase;
			buildActionMask = 2147483647;
			files = (
			);
			runOnlyForDeploymentPostprocessing = 0;
		};
		EF34D9B7224BCC6C009504D2 /* Frameworks */ = {
			isa = PBXFrameworksBuildPhase;
			buildActionMask = 2147483647;
			files = (
			);
			runOnlyForDeploymentPostprocessing = 0;
		};
		EF34D9C2224BCC6C009504D2 /* Frameworks */ = {
			isa = PBXFrameworksBuildPhase;
			buildActionMask = 2147483647;
			files = (
			);
			runOnlyForDeploymentPostprocessing = 0;
		};
/* End PBXFrameworksBuildPhase section */

/* Begin PBXGroup section */
		EF34D99D224BCC5B009504D2 = {
			isa = PBXGroup;
			children = (
				EF34D9A8224BCC5B009504D2 /* Example */,
				EF34D9BD224BCC6C009504D2 /* ExampleTests */,
				EF34D9C8224BCC6C009504D2 /* ExampleUITests */,
				EF34D9A7224BCC5B009504D2 /* Products */,
			);
			sourceTree = "<group>";
		};
		EF34D9A7224BCC5B009504D2 /* Products */ = {
			isa = PBXGroup;
			children = (
				EF34D9A6224BCC5B009504D2 /* Example.app */,
				EF34D9BA224BCC6C009504D2 /* ExampleTests.xctest */,
				EF34D9C5224BCC6C009504D2 /* ExampleUITests.xctest */,
			);
			name = Products;
			sourceTree = "<group>";
		};
		EF34D9A8224BCC5B009504D2 /* Example */ = {
			isa = PBXGroup;
			children = (
				EF34D9A9224BCC5B009504D2 /* AppDelegate.swift */,
				EFB3BCAB225087020019FF4A /* main.swift */,
				EF34D9AB224BCC5B009504D2 /* ViewController.swift */,
				EF34D9AD224BCC5B009504D2 /* Main.storyboard */,
				EF34D9B0224BCC6B009504D2 /* Assets.xcassets */,
				EF34D9B2224BCC6B009504D2 /* LaunchScreen.storyboard */,
				EF34D9B5224BCC6B009504D2 /* Info.plist */,
			);
			path = Example;
			sourceTree = "<group>";
		};
		EF34D9BD224BCC6C009504D2 /* ExampleTests */ = {
			isa = PBXGroup;
			children = (
				EF34D9BE224BCC6C009504D2 /* ExampleTests.swift */,
				EF34D9C0224BCC6C009504D2 /* Info.plist */,
			);
			path = ExampleTests;
			sourceTree = "<group>";
		};
		EF34D9C8224BCC6C009504D2 /* ExampleUITests */ = {
			isa = PBXGroup;
			children = (
				EF34D9C9224BCC6C009504D2 /* ExampleUITests.swift */,
				EF34D9CB224BCC6C009504D2 /* Info.plist */,
			);
			path = ExampleUITests;
			sourceTree = "<group>";
		};
/* End PBXGroup section */

/* Begin PBXNativeTarget section */
		EF34D9A5224BCC5B009504D2 /* Example */ = {
			isa = PBXNativeTarget;
			buildConfigurationList = EF34D9CE224BCC6C009504D2 /* Build configuration list for PBXNativeTarget "Example" */;
			buildPhases = (
				EF34D9A2224BCC5B009504D2 /* Sources */,
				EF34D9A3224BCC5B009504D2 /* Frameworks */,
				EF34D9A4224BCC5B009504D2 /* Resources */,
			);
			buildRules = (
			);
			dependencies = (
			);
			name = Example;
			productName = Example;
			productReference = EF34D9A6224BCC5B009504D2 /* Example.app */;
			productType = "com.apple.product-type.application";
		};
		EF34D9B9224BCC6C009504D2 /* ExampleTests */ = {
			isa = PBXNativeTarget;
			buildConfigurationList = EF34D9D1224BCC6C009504D2 /* Build configuration list for PBXNativeTarget "ExampleTests" */;
			buildPhases = (
				EF34D9B6224BCC6C009504D2 /* Sources */,
				EF34D9B7224BCC6C009504D2 /* Frameworks */,
				EF34D9B8224BCC6C009504D2 /* Resources */,
			);
			buildRules = (
			);
			dependencies = (
				EF34D9BC224BCC6C009504D2 /* PBXTargetDependency */,
			);
			name = ExampleTests;
			productName = ExampleTests;
			productReference = EF34D9BA224BCC6C009504D2 /* ExampleTests.xctest */;
			productType = "com.apple.product-type.bundle.unit-test";
		};
		EF34D9C4224BCC6C009504D2 /* ExampleUITests */ = {
			isa = PBXNativeTarget;
			buildConfigurationList = EF34D9D4224BCC6C009504D2 /* Build configuration list for PBXNativeTarget "ExampleUITests" */;
			buildPhases = (
				EF34D9C1224BCC6C009504D2 /* Sources */,
				EF34D9C2224BCC6C009504D2 /* Frameworks */,
				EF34D9C3224BCC6C009504D2 /* Resources */,
			);
			buildRules = (
			);
			dependencies = (
				EF34D9C7224BCC6C009504D2 /* PBXTargetDependency */,
			);
			name = ExampleUITests;
			productName = ExampleUITests;
			productReference = EF34D9C5224BCC6C009504D2 /* ExampleUITests.xctest */;
			productType = "com.apple.product-type.bundle.ui-testing";
		};
/* End PBXNativeTarget section */

/* Begin PBXProject section */
		EF34D99E224BCC5B009504D2 /* Project object */ = {
			isa = PBXProject;
			attributes = {
				LastSwiftUpdateCheck = 1010;
				LastUpgradeCheck = 1010;
				ORGANIZATIONNAME = PondokIT;
				TargetAttributes = {
					EF34D9A5224BCC5B009504D2 = {
						CreatedOnToolsVersion = 10.1;
					};
					EF34D9B9224BCC6C009504D2 = {
						CreatedOnToolsVersion = 10.1;
						TestTargetID = EF34D9A5224BCC5B009504D2;
					};
					EF34D9C4224BCC6C009504D2 = {
						CreatedOnToolsVersion = 10.1;
						TestTargetID = EF34D9A5224BCC5B009504D2;
					};
				};
			};
			buildConfigurationList = EF34D9A1224BCC5B009504D2 /* Build configuration list for PBXProject "Example" */;
			compatibilityVersion = "Xcode 9.3";
			developmentRegion = en;
			hasScannedForEncodings = 0;
			knownRegions = (
				en,
				Base,
			);
			mainGroup = EF34D99D224BCC5B009504D2;
			productRefGroup = EF34D9A7224BCC5B009504D2 /* Products */;
			projectDirPath = "";
			projectRoot = "";
			targets = (
				EF34D9A5224BCC5B009504D2 /* Example */,
				EF34D9B9224BCC6C009504D2 /* ExampleTests */,
				EF34D9C4224BCC6C009504D2 /* ExampleUITests */,
			);
		};
/* End PBXProject section */

/* Begin PBXResourcesBuildPhase section */
		EF34D9A4224BCC5B009504D2 /* Resources */ = {
			isa = PBXResourcesBuildPhase;
			buildActionMask = 2147483647;
			files = (
				EF34D9B4224BCC6B009504D2 /* LaunchScreen.storyboard in Resources */,
				EF34D9B1224BCC6B009504D2 /* Assets.xcassets in Resources */,
				EF34D9AF224BCC5B009504D2 /* Main.storyboard in Resources */,
			);
			runOnlyForDeploymentPostprocessing = 0;
		};
		EF34D9B8224BCC6C009504D2 /* Resources */ = {
			isa = PBXResourcesBuildPhase;
			buildActionMask = 2147483647;
			files = (
			);
			runOnlyForDeploymentPostprocessing = 0;
		};
		EF34D9C3224BCC6C009504D2 /* Resources */ = {
			isa = PBXResourcesBuildPhase;
			buildActionMask = 2147483647;
			files = (
			);
			runOnlyForDeploymentPostprocessing = 0;
		};
/* End PBXResourcesBuildPhase section */

/* Begin PBXSourcesBuildPhase section */
		EF34D9A2224BCC5B009504D2 /* Sources */ = {
			isa = PBXSourcesBuildPhase;
			buildActionMask = 2147483647;
			files = (
				EF34D9AC224BCC5B009504D2 /* ViewController.swift in Sources */,
				EF34D9AA224BCC5B009504D2 /* AppDelegate.swift in Sources */,
				EFB3BCAC225087020019FF4A /* main.swift in Sources */,
			);
			runOnlyForDeploymentPostprocessing = 0;
		};
		EF34D9B6224BCC6C009504D2 /* Sources */ = {
			isa = PBXSourcesBuildPhase;
			buildActionMask = 2147483647;
			files = (
				EF34D9BF224BCC6C009504D2 /* ExampleTests.swift in Sources */,
			);
			runOnlyForDeploymentPostprocessing = 0;
		};
		EF34D9C1224BCC6C009504D2 /* Sources */ = {
			isa = PBXSourcesBuildPhase;
			buildActionMask = 2147483647;
			files = (
				EF34D9CA224BCC6C009504D2 /* ExampleUITests.swift in Sources */,
			);
			runOnlyForDeploymentPostprocessing = 0;
		};
/* End PBXSourcesBuildPhase section */

/* Begin PBXTargetDependency section */
		EF34D9BC224BCC6C009504D2 /* PBXTargetDependency */ = {
			isa = PBXTargetDependency;
			target = EF34D9A5224BCC5B009504D2 /* Example */;
			targetProxy = EF34D9BB224BCC6C009504D2 /* PBXContainerItemProxy */;
		};
		EF34D9C7224BCC6C009504D2 /* PBXTargetDependency */ = {
			isa = PBXTargetDependency;
			target = EF34D9A5224BCC5B009504D2 /* Example */;
			targetProxy = EF34D9C6224BCC6C009504D2 /* PBXContainerItemProxy */;
		};
/* End PBXTargetDependency section */

/* Begin PBXVariantGroup section */
		EF34D9AD224BCC5B009504D2 /* Main.storyboard */ = {
			isa = PBXVariantGroup;
			children = (
				EF34D9AE224BCC5B009504D2 /* Base */,
			);
			name = Main.storyboard;
			sourceTree = "<group>";
		};
		EF34D9B2224BCC6B009504D2 /* LaunchScreen.storyboard */ = {
			isa = PBXVariantGroup;
			children = (
				EF34D9B3224BCC6B009504D2 /* Base */,
			);
			name = LaunchScreen.storyboard;
			sourceTree = "<group>";
		};
/* End PBXVariantGroup section */

/* Begin XCBuildConfiguration section */
		EF34D9CC224BCC6C009504D2 /* Debug */ = {
			isa = XCBuildConfiguration;
			buildSettings = {
				ALWAYS_SEARCH_USER_PATHS = NO;
				CLANG_ANALYZER_NONNULL = YES;
				CLANG_ANALYZER_NUMBER_OBJECT_CONVERSION = YES_AGGRESSIVE;
				CLANG_CXX_LANGUAGE_STANDARD = "gnu++14";
				CLANG_CXX_LIBRARY = "libc++";
				CLANG_ENABLE_MODULES = YES;
				CLANG_ENABLE_OBJC_ARC = YES;
				CLANG_ENABLE_OBJC_WEAK = YES;
				CLANG_WARN_BLOCK_CAPTURE_AUTORELEASING = YES;
				CLANG_WARN_BOOL_CONVERSION = YES;
				CLANG_WARN_COMMA = YES;
				CLANG_WARN_CONSTANT_CONVERSION = YES;
				CLANG_WARN_DEPRECATED_OBJC_IMPLEMENTATIONS = YES;
				CLANG_WARN_DIRECT_OBJC_ISA_USAGE = YES_ERROR;
				CLANG_WARN_DOCUMENTATION_COMMENTS = YES;
				CLANG_WARN_EMPTY_BODY = YES;
				CLANG_WARN_ENUM_CONVERSION = YES;
				CLANG_WARN_INFINITE_RECURSION = YES;
				CLANG_WARN_INT_CONVERSION = YES;
				CLANG_WARN_NON_LITERAL_NULL_CONVERSION = YES;
				CLANG_WARN_OBJC_IMPLICIT_RETAIN_SELF = YES;
				CLANG_WARN_OBJC_LITERAL_CONVERSION = YES;
				CLANG_WARN_OBJC_ROOT_CLASS = YES_ERROR;
				CLANG_WARN_RANGE_LOOP_ANALYSIS = YES;
				CLANG_WARN_STRICT_PROTOTYPES = YES;
				CLANG_WARN_SUSPICIOUS_MOVE = YES;
				CLANG_WARN_UNGUARDED_AVAILABILITY = YES_AGGRESSIVE;
				CLANG_WARN_UNREACHABLE_CODE = YES;
				CLANG_WARN__DUPLICATE_METHOD_MATCH = YES;
				CODE_SIGN_IDENTITY = "iPhone Developer";
				COPY_PHASE_STRIP = NO;
				DEBUG_INFORMATION_FORMAT = dwarf;
				ENABLE_STRICT_OBJC_MSGSEND = YES;
				ENABLE_TESTABILITY = YES;
				GCC_C_LANGUAGE_STANDARD = gnu11;
				GCC_DYNAMIC_NO_PIC = NO;
				GCC_NO_COMMON_BLOCKS = YES;
				GCC_OPTIMIZATION_LEVEL = 0;
				GCC_PREPROCESSOR_DEFINITIONS = (
					"DEBUG=1",
					"$(inherited)",
				);
				GCC_WARN_64_TO_32_BIT_CONVERSION = YES;
				GCC_WARN_ABOUT_RETURN_TYPE = YES_ERROR;
				GCC_WARN_UNDECLARED_SELECTOR = YES;
				GCC_WARN_UNINITIALIZED_AUTOS = YES_AGGRESSIVE;
				GCC_WARN_UNUSED_FUNCTION = YES;
				GCC_WARN_UNUSED_VARIABLE = YES;
				IPHONEOS_DEPLOYMENT_TARGET = 12.1;
				MTL_ENABLE_DEBUG_INFO = INCLUDE_SOURCE;
				MTL_FAST_MATH = YES;
				ONLY_ACTIVE_ARCH = YES;
				SDKROOT = iphoneos;
				SWIFT_ACTIVE_COMPILATION_CONDITIONS = DEBUG;
				SWIFT_OPTIMIZATION_LEVEL = "-Onone";
			};
			name = Debug;
		};
		EF34D9CD224BCC6C009504D2 /* Release */ = {
			isa = XCBuildConfiguration;
			buildSettings = {
				ALWAYS_SEARCH_USER_PATHS = NO;
				CLANG_ANALYZER_NONNULL = YES;
				CLANG_ANALYZER_NUMBER_OBJECT_CONVERSION = YES_AGGRESSIVE;
				CLANG_CXX_LANGUAGE_STANDARD = "gnu++14";
				CLANG_CXX_LIBRARY = "libc++";
				CLANG_ENABLE_MODULES = YES;
				CLANG_ENABLE_OBJC_ARC = YES;
				CLANG_ENABLE_OBJC_WEAK = YES;
				CLANG_WARN_BLOCK_CAPTURE_AUTORELEASING = YES;
				CLANG_WARN_BOOL_CONVERSION = YES;
				CLANG_WARN_COMMA = YES;
				CLANG_WARN_CONSTANT_CONVERSION = YES;
				CLANG_WARN_DEPRECATED_OBJC_IMPLEMENTATIONS = YES;
				CLANG_WARN_DIRECT_OBJC_ISA_USAGE = YES_ERROR;
				CLANG_WARN_DOCUMENTATION_COMMENTS = YES;
				CLANG_WARN_EMPTY_BODY = YES;
				CLANG_WARN_ENUM_CONVERSION = YES;
				CLANG_WARN_INFINITE_RECURSION = YES;
				CLANG_WARN_INT_CONVERSION = YES;
				CLANG_WARN_NON_LITERAL_NULL_CONVERSION = YES;
				CLANG_WARN_OBJC_IMPLICIT_RETAIN_SELF = YES;
				CLANG_WARN_OBJC_LITERAL_CONVERSION = YES;
				CLANG_WARN_OBJC_ROOT_CLASS = YES_ERROR;
				CLANG_WARN_RANGE_LOOP_ANALYSIS = YES;
				CLANG_WARN_STRICT_PROTOTYPES = YES;
				CLANG_WARN_SUSPICIOUS_MOVE = YES;
				CLANG_WARN_UNGUARDED_AVAILABILITY = YES_AGGRESSIVE;
				CLANG_WARN_UNREACHABLE_CODE = YES;
				CLANG_WARN__DUPLICATE_METHOD_MATCH = YES;
				CODE_SIGN_IDENTITY = "iPhone Developer";
				COPY_PHASE_STRIP = NO;
				DEBUG_INFORMATION_FORMAT = "dwarf-with-dsym";
				ENABLE_NS_ASSERTIONS = NO;
				ENABLE_STRICT_OBJC_MSGSEND = YES;
				GCC_C_LANGUAGE_STANDARD = gnu11;
				GCC_NO_COMMON_BLOCKS = YES;
				GCC_WARN_64_TO_32_BIT_CONVERSION = YES;
				GCC_WARN_ABOUT_RETURN_TYPE = YES_ERROR;
				GCC_WARN_UNDECLARED_SELECTOR = YES;
				GCC_WARN_UNINITIALIZED_AUTOS = YES_AGGRESSIVE;
				GCC_WARN_UNUSED_FUNCTION = YES;
				GCC_WARN_UNUSED_VARIABLE = YES;
				IPHONEOS_DEPLOYMENT_TARGET = 12.1;
				MTL_ENABLE_DEBUG_INFO = NO;
				MTL_FAST_MATH = YES;
				SDKROOT = iphoneos;
				SWIFT_COMPILATION_MODE = wholemodule;
				SWIFT_OPTIMIZATION_LEVEL = "-O";
				VALIDATE_PRODUCT = YES;
			};
			name = Release;
		};
		EF34D9CF224BCC6C009504D2 /* Debug */ = {
			isa = XCBuildConfiguration;
			buildSettings = {
				ASSETCATALOG_COMPILER_APPICON_NAME = AppIcon;
				CODE_SIGN_STYLE = Automatic;
				DEVELOPMENT_TEAM = P7J25C59XU;
				INFOPLIST_FILE = Example/Info.plist;
				LD_RUNPATH_SEARCH_PATHS = (
					"$(inherited)",
					"@executable_path/Frameworks",
				);
				PRODUCT_BUNDLE_IDENTIFIER = com.pondokit.Example;
				PRODUCT_NAME = "$(TARGET_NAME)";
				SWIFT_VERSION = 4.2;
				TARGETED_DEVICE_FAMILY = "1,2";
			};
			name = Debug;
		};
		EF34D9D0224BCC6C009504D2 /* Release */ = {
			isa = XCBuildConfiguration;
			buildSettings = {
				ASSETCATALOG_COMPILER_APPICON_NAME = AppIcon;
				CODE_SIGN_STYLE = Automatic;
				DEVELOPMENT_TEAM = P7J25C59XU;
				INFOPLIST_FILE = Example/Info.plist;
				LD_RUNPATH_SEARCH_PATHS = (
					"$(inherited)",
					"@executable_path/Frameworks",
				);
				PRODUCT_BUNDLE_IDENTIFIER = com.pondokit.Example;
				PRODUCT_NAME = "$(TARGET_NAME)";
				SWIFT_VERSION = 4.2;
				TARGETED_DEVICE_FAMILY = "1,2";
			};
			name = Release;
		};
		EF34D9D2224BCC6C009504D2 /* Debug */ = {
			isa = XCBuildConfiguration;
			buildSettings = {
				ALWAYS_EMBED_SWIFT_STANDARD_LIBRARIES = YES;
				BUNDLE_LOADER = "$(TEST_HOST)";
				CODE_SIGN_STYLE = Automatic;
				DEVELOPMENT_TEAM = P7J25C59XU;
				INFOPLIST_FILE = ExampleTests/Info.plist;
				LD_RUNPATH_SEARCH_PATHS = (
					"$(inherited)",
					"@executable_path/Frameworks",
					"@loader_path/Frameworks",
				);
				PRODUCT_BUNDLE_IDENTIFIER = com.pondokit.ExampleTests;
				PRODUCT_NAME = "$(TARGET_NAME)";
				SWIFT_VERSION = 4.2;
				TARGETED_DEVICE_FAMILY = "1,2";
				TEST_HOST = "$(BUILT_PRODUCTS_DIR)/Example.app/Example";
			};
			name = Debug;
		};
		EF34D9D3224BCC6C009504D2 /* Release */ = {
			isa = XCBuildConfiguration;
			buildSettings = {
				ALWAYS_EMBED_SWIFT_STANDARD_LIBRARIES = YES;
				BUNDLE_LOADER = "$(TEST_HOST)";
				CODE_SIGN_STYLE = Automatic;
				DEVELOPMENT_TEAM = P7J25C59XU;
				INFOPLIST_FILE = ExampleTests/Info.plist;
				LD_RUNPATH_SEARCH_PATHS = (
					"$(inherited)",
					"@executable_path/Frameworks",
					"@loader_path/Frameworks",
				);
				PRODUCT_BUNDLE_IDENTIFIER = com.pondokit.ExampleTests;
				PRODUCT_NAME = "$(TARGET_NAME)";
				SWIFT_VERSION = 4.2;
				TARGETED_DEVICE_FAMILY = "1,2";
				TEST_HOST = "$(BUILT_PRODUCTS_DIR)/Example.app/Example";
			};
			name = Release;
		};
		EF34D9D5224BCC6C009504D2 /* Debug */ = {
			isa = XCBuildConfiguration;
			buildSettings = {
				ALWAYS_EMBED_SWIFT_STANDARD_LIBRARIES = YES;
				CODE_SIGN_STYLE = Automatic;
				DEVELOPMENT_TEAM = P7J25C59XU;
				INFOPLIST_FILE = ExampleUITests/Info.plist;
				LD_RUNPATH_SEARCH_PATHS = (
					"$(inherited)",
					"@executable_path/Frameworks",
					"@loader_path/Frameworks",
				);
				PRODUCT_BUNDLE_IDENTIFIER = com.pondokit.ExampleUITests;
				PRODUCT_NAME = "$(TARGET_NAME)";
				SWIFT_VERSION = 4.2;
				TARGETED_DEVICE_FAMILY = "1,2";
				TEST_TARGET_NAME = Example;
			};
			name = Debug;
		};
		EF34D9D6224BCC6C009504D2 /* Release */ = {
			isa = XCBuildConfiguration;
			buildSettings = {
				ALWAYS_EMBED_SWIFT_STANDARD_LIBRARIES = YES;
				CODE_SIGN_STYLE = Automatic;
				DEVELOPMENT_TEAM = P7J25C59XU;
				INFOPLIST_FILE = ExampleUITests/Info.plist;
				LD_RUNPATH_SEARCH_PATHS = (
					"$(inherited)",
					"@executable_path/Frameworks",
					"@loader_path/Frameworks",
				);
				PRODUCT_BUNDLE_IDENTIFIER = com.pondokit.ExampleUITests;
				PRODUCT_NAME = "$(TARGET_NAME)";
				SWIFT_VERSION = 4.2;
				TARGETED_DEVICE_FAMILY = "1,2";
				TEST_TARGET_NAME = Example;
			};
			name = Release;
		};
/* End XCBuildConfiguration section */

/* Begin XCConfigurationList section */
		EF34D9A1224BCC5B009504D2 /* Build configuration list for PBXProject "Example" */ = {
			isa = XCConfigurationList;
			buildConfigurations = (
				EF34D9CC224BCC6C009504D2 /* Debug */,
				EF34D9CD224BCC6C009504D2 /* Release */,
			);
			defaultConfigurationIsVisible = 0;
			defaultConfigurationName = Release;
		};
		EF34D9CE224BCC6C009504D2 /* Build configuration list for PBXNativeTarget "Example" */ = {
			isa = XCConfigurationList;
			buildConfigurations = (
				EF34D9CF224BCC6C009504D2 /* Debug */,
				EF34D9D0224BCC6C009504D2 /* Release */,
			);
			defaultConfigurationIsVisible = 0;
			defaultConfigurationName = Release;
		};
		EF34D9D1224BCC6C009504D2 /* Build configuration list for PBXNativeTarget "ExampleTests" */ = {
			isa = XCConfigurationList;
			buildConfigurations = (
				EF34D9D2224BCC6C009504D2 /* Debug */,
				EF34D9D3224BCC6C009504D2 /* Release */,
			);
			defaultConfigurationIsVisible = 0;
			defaultConfigurationName = Release;
		};
		EF34D9D4224BCC6C009504D2 /* Build configuration list for PBXNativeTarget "ExampleUITests" */ = {
			isa = XCConfigurationList;
			buildConfigurations = (
				EF34D9D5224BCC6C009504D2 /* Debug */,
				EF34D9D6224BCC6C009504D2 /* Release */,
			);
			defaultConfigurationIsVisible = 0;
			defaultConfigurationName = Release;
		};
/* End XCConfigurationList section */
	};
	rootObject = EF34D99E224BCC5B009504D2 /* Project object */;
}
